
Microsoft Visual Studio Solution File, Format Version 12.00
# Visual Studio 15
VisualStudioVersion = 15.0.26124.0
MinimumVisualStudioVersion = 15.0.26124.0
Project("{2150E333-8FDC-42A3-9474-1A3956D46DE8}") = "src", "src", "{157A8014-8DFC-4FB5-9D66-8C1480FBD94D}"
EndProject
Project("{FAE04EC0-301F-11D3-BF4B-00C04F79EFBC}") = "BikeDataProject.API", "src\BikeDataProject.API\BikeDataProject.API.csproj", "{AAB202EA-85C6-4B73-A3D5-09DA25C7ADB0}"
EndProject
Project("{2150E333-8FDC-42A3-9474-1A3956D46DE8}") = "test", "test", "{3BEF2717-CEED-4765-A53B-9E7BDAE64FF5}"
EndProject
Project("{FAE04EC0-301F-11D3-BF4B-00C04F79EFBC}") = "BikeDataProject.API.Test", "test\BikeDataProject.API.Test\BikeDataProject.API.Test.csproj", "{585187FB-19D6-4462-B7C2-AF3EB9DF913B}"
EndProject
Project("{2150E333-8FDC-42A3-9474-1A3956D46DE8}") = "root", "root", "{265DF686-26A1-4196-B81F-8EB21DD3E33D}"
ProjectSection(SolutionItems) = preProject
	LICENSE = LICENSE
	README.md = README.md
	NuGet.Config.actions = NuGet.Config.actions
	BikeDataProject.API.sln = BikeDataProject.API.sln
EndProjectSection
EndProject
Global
	GlobalSection(SolutionConfigurationPlatforms) = preSolution
		Debug|Any CPU = Debug|Any CPU
		Debug|x64 = Debug|x64
		Debug|x86 = Debug|x86
		Release|Any CPU = Release|Any CPU
		Release|x64 = Release|x64
		Release|x86 = Release|x86
	EndGlobalSection
	GlobalSection(SolutionProperties) = preSolution
		HideSolutionNode = FALSE
	EndGlobalSection
	GlobalSection(ProjectConfigurationPlatforms) = postSolution
		{AAB202EA-85C6-4B73-A3D5-09DA25C7ADB0}.Debug|Any CPU.ActiveCfg = Debug|Any CPU
		{AAB202EA-85C6-4B73-A3D5-09DA25C7ADB0}.Debug|Any CPU.Build.0 = Debug|Any CPU
		{AAB202EA-85C6-4B73-A3D5-09DA25C7ADB0}.Debug|x64.ActiveCfg = Debug|Any CPU
		{AAB202EA-85C6-4B73-A3D5-09DA25C7ADB0}.Debug|x64.Build.0 = Debug|Any CPU
		{AAB202EA-85C6-4B73-A3D5-09DA25C7ADB0}.Debug|x86.ActiveCfg = Debug|Any CPU
		{AAB202EA-85C6-4B73-A3D5-09DA25C7ADB0}.Debug|x86.Build.0 = Debug|Any CPU
		{AAB202EA-85C6-4B73-A3D5-09DA25C7ADB0}.Release|Any CPU.ActiveCfg = Release|Any CPU
		{AAB202EA-85C6-4B73-A3D5-09DA25C7ADB0}.Release|Any CPU.Build.0 = Release|Any CPU
		{AAB202EA-85C6-4B73-A3D5-09DA25C7ADB0}.Release|x64.ActiveCfg = Release|Any CPU
		{AAB202EA-85C6-4B73-A3D5-09DA25C7ADB0}.Release|x64.Build.0 = Release|Any CPU
		{AAB202EA-85C6-4B73-A3D5-09DA25C7ADB0}.Release|x86.ActiveCfg = Release|Any CPU
		{AAB202EA-85C6-4B73-A3D5-09DA25C7ADB0}.Release|x86.Build.0 = Release|Any CPU
		{585187FB-19D6-4462-B7C2-AF3EB9DF913B}.Debug|Any CPU.ActiveCfg = Debug|Any CPU
		{585187FB-19D6-4462-B7C2-AF3EB9DF913B}.Debug|Any CPU.Build.0 = Debug|Any CPU
		{585187FB-19D6-4462-B7C2-AF3EB9DF913B}.Debug|x64.ActiveCfg = Debug|Any CPU
		{585187FB-19D6-4462-B7C2-AF3EB9DF913B}.Debug|x64.Build.0 = Debug|Any CPU
		{585187FB-19D6-4462-B7C2-AF3EB9DF913B}.Debug|x86.ActiveCfg = Debug|Any CPU
		{585187FB-19D6-4462-B7C2-AF3EB9DF913B}.Debug|x86.Build.0 = Debug|Any CPU
		{585187FB-19D6-4462-B7C2-AF3EB9DF913B}.Release|Any CPU.ActiveCfg = Release|Any CPU
		{585187FB-19D6-4462-B7C2-AF3EB9DF913B}.Release|Any CPU.Build.0 = Release|Any CPU
		{585187FB-19D6-4462-B7C2-AF3EB9DF913B}.Release|x64.ActiveCfg = Release|Any CPU
		{585187FB-19D6-4462-B7C2-AF3EB9DF913B}.Release|x64.Build.0 = Release|Any CPU
		{585187FB-19D6-4462-B7C2-AF3EB9DF913B}.Release|x86.ActiveCfg = Release|Any CPU
		{585187FB-19D6-4462-B7C2-AF3EB9DF913B}.Release|x86.Build.0 = Release|Any CPU
	EndGlobalSection
	GlobalSection(NestedProjects) = preSolution
		{AAB202EA-85C6-4B73-A3D5-09DA25C7ADB0} = {157A8014-8DFC-4FB5-9D66-8C1480FBD94D}
		{585187FB-19D6-4462-B7C2-AF3EB9DF913B} = {3BEF2717-CEED-4765-A53B-9E7BDAE64FF5}
	EndGlobalSection
EndGlobal
